
Microsoft Visual Studio Solution File, Format Version 12.00
# Visual Studio Version 17
VisualStudioVersion = 17.5.33516.290
MinimumVisualStudioVersion = 10.0.40219.1
Project("{FAE04EC0-301F-11D3-BF4B-00C04F79EFBC}") = "CompanyEmployees", "CompanyEmployees\CompanyEmployees.csproj", "{9570FBEB-18CB-4F47-95AD-851EBA83A594}"
EndProject
Global
	GlobalSection(SolutionConfigurationPlatforms) = preSolution
		Debug|Any CPU = Debug|Any CPU
		Release|Any CPU = Release|Any CPU
	EndGlobalSection
	GlobalSection(ProjectConfigurationPlatforms) = postSolution
		{9570FBEB-18CB-4F47-95AD-851EBA83A594}.Debug|Any CPU.ActiveCfg = Debug|Any CPU
		{9570FBEB-18CB-4F47-95AD-851EBA83A594}.Debug|Any CPU.Build.0 = Debug|Any CPU
		{9570FBEB-18CB-4F47-95AD-851EBA83A594}.Release|Any CPU.ActiveCfg = Release|Any CPU
		{9570FBEB-18CB-4F47-95AD-851EBA83A594}.Release|Any CPU.Build.0 = Release|Any CPU
	EndGlobalSection
	GlobalSection(SolutionProperties) = preSolution
		HideSolutionNode = FALSE
	EndGlobalSection
	GlobalSection(ExtensibilityGlobals) = postSolution
		SolutionGuid = {5AAFAB04-75D0-44B5-80F8-0BEB1BDA2D92}
	EndGlobalSection
EndGlobal
